
Microsoft Visual Studio Solution File, Format Version 12.00
# Visual Studio Version 16
VisualStudioVersion = 16.0.30104.148
MinimumVisualStudioVersion = 10.0.40219.1
Project("{FAE04EC0-301F-11D3-BF4B-00C04F79EFBC}") = "ConsolePath", "ConsolePath\ConsolePath.csproj", "{CDB29AEF-9A75-47B6-821A-42F59A72A869}"
EndProject
Global
	GlobalSection(SolutionConfigurationPlatforms) = preSolution
		Debug|Any CPU = Debug|Any CPU
		Release|Any CPU = Release|Any CPU
	EndGlobalSection
	GlobalSection(ProjectConfigurationPlatforms) = postSolution
		{CDB29AEF-9A75-47B6-821A-42F59A72A869}.Debug|Any CPU.ActiveCfg = Debug|Any CPU
		{CDB29AEF-9A75-47B6-821A-42F59A72A869}.Debug|Any CPU.Build.0 = Debug|Any CPU
		{CDB29AEF-9A75-47B6-821A-42F59A72A869}.Release|Any CPU.ActiveCfg = Release|Any CPU
		{CDB29AEF-9A75-47B6-821A-42F59A72A869}.Release|Any CPU.Build.0 = Release|Any CPU
	EndGlobalSection
	GlobalSection(SolutionProperties) = preSolution
		HideSolutionNode = FALSE
	EndGlobalSection
	GlobalSection(ExtensibilityGlobals) = postSolution
		SolutionGuid = {FA382A32-016A-421F-B9B3-E9B31068A823}
	EndGlobalSection
EndGlobal
